// !$*UTF8*$!
{
	archiveVersion = 1;
	classes = {
	};
	objectVersion = 55;
	objects = {

/* Begin PBXBuildFile section */
		303367C13BD404114E5ED925 /* Pods_RickAndMortyTests.framework in Frameworks */ = {isa = PBXBuildFile; fileRef = BE399D52AEF045758746C538 /* Pods_RickAndMortyTests.framework */; };
		5B3A8617E8DAC7C03E4A90F2 /* Pods_RickAndMorty_RickAndMortyUITests.framework in Frameworks */ = {isa = PBXBuildFile; fileRef = 33AD420768710BE4B1C28A17 /* Pods_RickAndMorty_RickAndMortyUITests.framework */; };
		653B2F512983473500297AAB /* LoginViewController.swift in Sources */ = {isa = PBXBuildFile; fileRef = 653B2F502983473500297AAB /* LoginViewController.swift */; };
		653B2F532983475400297AAB /* LoginView.swift in Sources */ = {isa = PBXBuildFile; fileRef = 653B2F522983475400297AAB /* LoginView.swift */; };
		655D026B29840A3400AEEEF0 /* AppRouter.swift in Sources */ = {isa = PBXBuildFile; fileRef = 655D026A29840A3400AEEEF0 /* AppRouter.swift */; };
		655D026D29845E7300AEEEF0 /* LoginRouter.swift in Sources */ = {isa = PBXBuildFile; fileRef = 655D026C29845E7300AEEEF0 /* LoginRouter.swift */; };
		655D027129856F4B00AEEEF0 /* UIView+.swift in Sources */ = {isa = PBXBuildFile; fileRef = 655D027029856F4B00AEEEF0 /* UIView+.swift */; };
		656B2F852986923B004D0586 /* UIButtonDefault.swift in Sources */ = {isa = PBXBuildFile; fileRef = 656B2F842986923B004D0586 /* UIButtonDefault.swift */; };
		656B2F8729869D3B004D0586 /* UILabelDefault.swift in Sources */ = {isa = PBXBuildFile; fileRef = 656B2F8629869D3B004D0586 /* UILabelDefault.swift */; };
		656B2F8929869E5B004D0586 /* UITextFieldDefault.swift in Sources */ = {isa = PBXBuildFile; fileRef = 656B2F8829869E5B004D0586 /* UITextFieldDefault.swift */; };
		656B2F8B298EC253004D0586 /* LoginInteractor.swift in Sources */ = {isa = PBXBuildFile; fileRef = 656B2F8A298EC253004D0586 /* LoginInteractor.swift */; };
		656B2F8D298EC2D4004D0586 /* UserLogin.swift in Sources */ = {isa = PBXBuildFile; fileRef = 656B2F8C298EC2D4004D0586 /* UserLogin.swift */; };
		656B2F9229966B2D004D0586 /* UITextField+.swift in Sources */ = {isa = PBXBuildFile; fileRef = 656B2F9129966B2D004D0586 /* UITextField+.swift */; };
		656B2F9529966F4C004D0586 /* RegisterView.swift in Sources */ = {isa = PBXBuildFile; fileRef = 656B2F9429966F4C004D0586 /* RegisterView.swift */; };
		656B2F9729966F73004D0586 /* RegisterViewController.swift in Sources */ = {isa = PBXBuildFile; fileRef = 656B2F9629966F73004D0586 /* RegisterViewController.swift */; };
		8500F22029981BED0051EE51 /* GoogleService-Info.plist in Resources */ = {isa = PBXBuildFile; fileRef = 8500F21F29981BED0051EE51 /* GoogleService-Info.plist */; };
		8500F222299826F80051EE51 /* RegisterRouter.swift in Sources */ = {isa = PBXBuildFile; fileRef = 8500F221299826F80051EE51 /* RegisterRouter.swift */; };
		8500F224299827070051EE51 /* RegisterInteractor.swift in Sources */ = {isa = PBXBuildFile; fileRef = 8500F223299827070051EE51 /* RegisterInteractor.swift */; };
		852289BB295B38DB00822216 /* HomeRouter.swift in Sources */ = {isa = PBXBuildFile; fileRef = 852289BA295B38DB00822216 /* HomeRouter.swift */; };
		85584A8E299840D200858C7E /* UIAlertDefault.swift in Sources */ = {isa = PBXBuildFile; fileRef = 85584A8D299840D200858C7E /* UIAlertDefault.swift */; };
		85584A91299C4C5200858C7E /* RegisterStrings.swift in Sources */ = {isa = PBXBuildFile; fileRef = 85584A90299C4C5200858C7E /* RegisterStrings.swift */; };
		85584A93299C4EBD00858C7E /* LoginStrings.swift in Sources */ = {isa = PBXBuildFile; fileRef = 85584A92299C4EBC00858C7E /* LoginStrings.swift */; };
		85AC0EC72A0FDBBF00A00992 /* HomeRepository.swift in Sources */ = {isa = PBXBuildFile; fileRef = 85AC0EC62A0FDBBF00A00992 /* HomeRepository.swift */; };
		85EACB9329537FC1009BEE15 /* AppDelegate.swift in Sources */ = {isa = PBXBuildFile; fileRef = 85EACB9229537FC1009BEE15 /* AppDelegate.swift */; };
		85EACB9529537FC1009BEE15 /* SceneDelegate.swift in Sources */ = {isa = PBXBuildFile; fileRef = 85EACB9429537FC1009BEE15 /* SceneDelegate.swift */; };
		85EACB9729537FC1009BEE15 /* HomeViewController.swift in Sources */ = {isa = PBXBuildFile; fileRef = 85EACB9629537FC1009BEE15 /* HomeViewController.swift */; };
		85EACB9C29537FC3009BEE15 /* Assets.xcassets in Resources */ = {isa = PBXBuildFile; fileRef = 85EACB9B29537FC3009BEE15 /* Assets.xcassets */; };
		85EACB9F29537FC3009BEE15 /* LaunchScreen.storyboard in Resources */ = {isa = PBXBuildFile; fileRef = 85EACB9D29537FC3009BEE15 /* LaunchScreen.storyboard */; };
		85EACBAA29537FC3009BEE15 /* RickAndMortyTests.swift in Sources */ = {isa = PBXBuildFile; fileRef = 85EACBA929537FC3009BEE15 /* RickAndMortyTests.swift */; };
		85EACBB429537FC3009BEE15 /* RickAndMortyUITests.swift in Sources */ = {isa = PBXBuildFile; fileRef = 85EACBB329537FC3009BEE15 /* RickAndMortyUITests.swift */; };
		85EACBB629537FC3009BEE15 /* RickAndMortyUITestsLaunchTests.swift in Sources */ = {isa = PBXBuildFile; fileRef = 85EACBB529537FC3009BEE15 /* RickAndMortyUITestsLaunchTests.swift */; };
		85EACBC929538390009BEE15 /* HomeView.swift in Sources */ = {isa = PBXBuildFile; fileRef = 85EACBC829538390009BEE15 /* HomeView.swift */; };
		85EACBCC295383CE009BEE15 /* HomeTalbleViewCell.swift in Sources */ = {isa = PBXBuildFile; fileRef = 85EACBCB295383CE009BEE15 /* HomeTalbleViewCell.swift */; };
		85EACBD529538630009BEE15 /* MainData.swift in Sources */ = {isa = PBXBuildFile; fileRef = 85EACBD429538630009BEE15 /* MainData.swift */; };
		85EACBD72953865E009BEE15 /* Character.swift in Sources */ = {isa = PBXBuildFile; fileRef = 85EACBD62953865E009BEE15 /* Character.swift */; };
		85EACBD929538676009BEE15 /* Location.swift in Sources */ = {isa = PBXBuildFile; fileRef = 85EACBD829538676009BEE15 /* Location.swift */; };
		85EACBDB2953868B009BEE15 /* Info.swift in Sources */ = {isa = PBXBuildFile; fileRef = 85EACBDA2953868B009BEE15 /* Info.swift */; };
		85EACBE32954BAC0009BEE15 /* DetailsView.swift in Sources */ = {isa = PBXBuildFile; fileRef = 85EACBE22954BAC0009BEE15 /* DetailsView.swift */; };
		85EACBE52954BACB009BEE15 /* DetailsViewController.swift in Sources */ = {isa = PBXBuildFile; fileRef = 85EACBE42954BACB009BEE15 /* DetailsViewController.swift */; };
		85EACBE82954BB1B009BEE15 /* UIImageView+.swift in Sources */ = {isa = PBXBuildFile; fileRef = 85EACBE72954BB1B009BEE15 /* UIImageView+.swift */; };
		85EACBEC2954BB4F009BEE15 /* ViewCodableProtocol.swift in Sources */ = {isa = PBXBuildFile; fileRef = 85EACBEB2954BB4F009BEE15 /* ViewCodableProtocol.swift */; };
		88EB7E9785B6EB93221574F5 /* Pods_RickAndMorty.framework in Frameworks */ = {isa = PBXBuildFile; fileRef = 43F4E358D0F1F1417B9AB776 /* Pods_RickAndMorty.framework */; };
/* End PBXBuildFile section */

/* Begin PBXContainerItemProxy section */
		85EACBA629537FC3009BEE15 /* PBXContainerItemProxy */ = {
			isa = PBXContainerItemProxy;
			containerPortal = 85EACB8729537FC1009BEE15 /* Project object */;
			proxyType = 1;
			remoteGlobalIDString = 85EACB8E29537FC1009BEE15;
			remoteInfo = RickAndMorty;
		};
		85EACBB029537FC3009BEE15 /* PBXContainerItemProxy */ = {
			isa = PBXContainerItemProxy;
			containerPortal = 85EACB8729537FC1009BEE15 /* Project object */;
			proxyType = 1;
			remoteGlobalIDString = 85EACB8E29537FC1009BEE15;
			remoteInfo = RickAndMorty;
		};
/* End PBXContainerItemProxy section */

/* Begin PBXFileReference section */
		1A0485483E07BB6B9A10911E /* Pods-RickAndMorty.debug.xcconfig */ = {isa = PBXFileReference; includeInIndex = 1; lastKnownFileType = text.xcconfig; name = "Pods-RickAndMorty.debug.xcconfig"; path = "Target Support Files/Pods-RickAndMorty/Pods-RickAndMorty.debug.xcconfig"; sourceTree = "<group>"; };
		33AD420768710BE4B1C28A17 /* Pods_RickAndMorty_RickAndMortyUITests.framework */ = {isa = PBXFileReference; explicitFileType = wrapper.framework; includeInIndex = 0; path = Pods_RickAndMorty_RickAndMortyUITests.framework; sourceTree = BUILT_PRODUCTS_DIR; };
		3BFE5666808A606FCB0CCF91 /* Pods-RickAndMorty.release.xcconfig */ = {isa = PBXFileReference; includeInIndex = 1; lastKnownFileType = text.xcconfig; name = "Pods-RickAndMorty.release.xcconfig"; path = "Target Support Files/Pods-RickAndMorty/Pods-RickAndMorty.release.xcconfig"; sourceTree = "<group>"; };
		43F4E358D0F1F1417B9AB776 /* Pods_RickAndMorty.framework */ = {isa = PBXFileReference; explicitFileType = wrapper.framework; includeInIndex = 0; path = Pods_RickAndMorty.framework; sourceTree = BUILT_PRODUCTS_DIR; };
		653B2F502983473500297AAB /* LoginViewController.swift */ = {isa = PBXFileReference; lastKnownFileType = sourcecode.swift; path = LoginViewController.swift; sourceTree = "<group>"; };
		653B2F522983475400297AAB /* LoginView.swift */ = {isa = PBXFileReference; lastKnownFileType = sourcecode.swift; path = LoginView.swift; sourceTree = "<group>"; };
		655D026A29840A3400AEEEF0 /* AppRouter.swift */ = {isa = PBXFileReference; lastKnownFileType = sourcecode.swift; path = AppRouter.swift; sourceTree = "<group>"; };
		655D026C29845E7300AEEEF0 /* LoginRouter.swift */ = {isa = PBXFileReference; lastKnownFileType = sourcecode.swift; path = LoginRouter.swift; sourceTree = "<group>"; };
		655D027029856F4B00AEEEF0 /* UIView+.swift */ = {isa = PBXFileReference; lastKnownFileType = sourcecode.swift; path = "UIView+.swift"; sourceTree = "<group>"; };
		656B2F842986923B004D0586 /* UIButtonDefault.swift */ = {isa = PBXFileReference; lastKnownFileType = sourcecode.swift; path = UIButtonDefault.swift; sourceTree = "<group>"; };
		656B2F8629869D3B004D0586 /* UILabelDefault.swift */ = {isa = PBXFileReference; lastKnownFileType = sourcecode.swift; path = UILabelDefault.swift; sourceTree = "<group>"; };
		656B2F8829869E5B004D0586 /* UITextFieldDefault.swift */ = {isa = PBXFileReference; lastKnownFileType = sourcecode.swift; path = UITextFieldDefault.swift; sourceTree = "<group>"; };
		656B2F8A298EC253004D0586 /* LoginInteractor.swift */ = {isa = PBXFileReference; lastKnownFileType = sourcecode.swift; path = LoginInteractor.swift; sourceTree = "<group>"; };
		656B2F8C298EC2D4004D0586 /* UserLogin.swift */ = {isa = PBXFileReference; lastKnownFileType = sourcecode.swift; path = UserLogin.swift; sourceTree = "<group>"; };
		656B2F9129966B2D004D0586 /* UITextField+.swift */ = {isa = PBXFileReference; lastKnownFileType = sourcecode.swift; path = "UITextField+.swift"; sourceTree = "<group>"; };
		656B2F9429966F4C004D0586 /* RegisterView.swift */ = {isa = PBXFileReference; lastKnownFileType = sourcecode.swift; path = RegisterView.swift; sourceTree = "<group>"; };
		656B2F9629966F73004D0586 /* RegisterViewController.swift */ = {isa = PBXFileReference; lastKnownFileType = sourcecode.swift; path = RegisterViewController.swift; sourceTree = "<group>"; };
		7839457B4F783EF7FF0549D4 /* Pods-RickAndMortyTests.release.xcconfig */ = {isa = PBXFileReference; includeInIndex = 1; lastKnownFileType = text.xcconfig; name = "Pods-RickAndMortyTests.release.xcconfig"; path = "Target Support Files/Pods-RickAndMortyTests/Pods-RickAndMortyTests.release.xcconfig"; sourceTree = "<group>"; };
		8500F21F29981BED0051EE51 /* GoogleService-Info.plist */ = {isa = PBXFileReference; fileEncoding = 4; lastKnownFileType = text.plist.xml; name = "GoogleService-Info.plist"; path = "../../../../Downloads/GoogleService-Info.plist"; sourceTree = "<group>"; };
		8500F221299826F80051EE51 /* RegisterRouter.swift */ = {isa = PBXFileReference; lastKnownFileType = sourcecode.swift; path = RegisterRouter.swift; sourceTree = "<group>"; };
		8500F223299827070051EE51 /* RegisterInteractor.swift */ = {isa = PBXFileReference; lastKnownFileType = sourcecode.swift; path = RegisterInteractor.swift; sourceTree = "<group>"; };
		852289BA295B38DB00822216 /* HomeRouter.swift */ = {isa = PBXFileReference; lastKnownFileType = sourcecode.swift; path = HomeRouter.swift; sourceTree = "<group>"; };
		85584A8D299840D200858C7E /* UIAlertDefault.swift */ = {isa = PBXFileReference; lastKnownFileType = sourcecode.swift; path = UIAlertDefault.swift; sourceTree = "<group>"; };
		85584A90299C4C5200858C7E /* RegisterStrings.swift */ = {isa = PBXFileReference; lastKnownFileType = sourcecode.swift; path = RegisterStrings.swift; sourceTree = "<group>"; };
		85584A92299C4EBC00858C7E /* LoginStrings.swift */ = {isa = PBXFileReference; lastKnownFileType = sourcecode.swift; path = LoginStrings.swift; sourceTree = "<group>"; };
		85AC0EC62A0FDBBF00A00992 /* HomeRepository.swift */ = {isa = PBXFileReference; lastKnownFileType = sourcecode.swift; path = HomeRepository.swift; sourceTree = "<group>"; };
		85EACB8F29537FC1009BEE15 /* RickAndMorty.app */ = {isa = PBXFileReference; explicitFileType = wrapper.application; includeInIndex = 0; path = RickAndMorty.app; sourceTree = BUILT_PRODUCTS_DIR; };
		85EACB9229537FC1009BEE15 /* AppDelegate.swift */ = {isa = PBXFileReference; lastKnownFileType = sourcecode.swift; path = AppDelegate.swift; sourceTree = "<group>"; };
		85EACB9429537FC1009BEE15 /* SceneDelegate.swift */ = {isa = PBXFileReference; lastKnownFileType = sourcecode.swift; path = SceneDelegate.swift; sourceTree = "<group>"; };
		85EACB9629537FC1009BEE15 /* HomeViewController.swift */ = {isa = PBXFileReference; lastKnownFileType = sourcecode.swift; path = HomeViewController.swift; sourceTree = "<group>"; };
		85EACB9B29537FC3009BEE15 /* Assets.xcassets */ = {isa = PBXFileReference; lastKnownFileType = folder.assetcatalog; path = Assets.xcassets; sourceTree = "<group>"; };
		85EACB9E29537FC3009BEE15 /* Base */ = {isa = PBXFileReference; lastKnownFileType = file.storyboard; name = Base; path = Base.lproj/LaunchScreen.storyboard; sourceTree = "<group>"; };
		85EACBA029537FC3009BEE15 /* Info.plist */ = {isa = PBXFileReference; lastKnownFileType = text.plist.xml; path = Info.plist; sourceTree = "<group>"; };
		85EACBA529537FC3009BEE15 /* RickAndMortyTests.xctest */ = {isa = PBXFileReference; explicitFileType = wrapper.cfbundle; includeInIndex = 0; path = RickAndMortyTests.xctest; sourceTree = BUILT_PRODUCTS_DIR; };
		85EACBA929537FC3009BEE15 /* RickAndMortyTests.swift */ = {isa = PBXFileReference; lastKnownFileType = sourcecode.swift; path = RickAndMortyTests.swift; sourceTree = "<group>"; };
		85EACBAF29537FC3009BEE15 /* RickAndMortyUITests.xctest */ = {isa = PBXFileReference; explicitFileType = wrapper.cfbundle; includeInIndex = 0; path = RickAndMortyUITests.xctest; sourceTree = BUILT_PRODUCTS_DIR; };
		85EACBB329537FC3009BEE15 /* RickAndMortyUITests.swift */ = {isa = PBXFileReference; lastKnownFileType = sourcecode.swift; path = RickAndMortyUITests.swift; sourceTree = "<group>"; };
		85EACBB529537FC3009BEE15 /* RickAndMortyUITestsLaunchTests.swift */ = {isa = PBXFileReference; lastKnownFileType = sourcecode.swift; path = RickAndMortyUITestsLaunchTests.swift; sourceTree = "<group>"; };
		85EACBC829538390009BEE15 /* HomeView.swift */ = {isa = PBXFileReference; lastKnownFileType = sourcecode.swift; path = HomeView.swift; sourceTree = "<group>"; };
		85EACBCB295383CE009BEE15 /* HomeTalbleViewCell.swift */ = {isa = PBXFileReference; lastKnownFileType = sourcecode.swift; path = HomeTalbleViewCell.swift; sourceTree = "<group>"; };
		85EACBD429538630009BEE15 /* MainData.swift */ = {isa = PBXFileReference; lastKnownFileType = sourcecode.swift; path = MainData.swift; sourceTree = "<group>"; };
		85EACBD62953865E009BEE15 /* Character.swift */ = {isa = PBXFileReference; lastKnownFileType = sourcecode.swift; path = Character.swift; sourceTree = "<group>"; };
		85EACBD829538676009BEE15 /* Location.swift */ = {isa = PBXFileReference; lastKnownFileType = sourcecode.swift; path = Location.swift; sourceTree = "<group>"; };
		85EACBDA2953868B009BEE15 /* Info.swift */ = {isa = PBXFileReference; lastKnownFileType = sourcecode.swift; path = Info.swift; sourceTree = "<group>"; };
		85EACBE22954BAC0009BEE15 /* DetailsView.swift */ = {isa = PBXFileReference; lastKnownFileType = sourcecode.swift; path = DetailsView.swift; sourceTree = "<group>"; };
		85EACBE42954BACB009BEE15 /* DetailsViewController.swift */ = {isa = PBXFileReference; lastKnownFileType = sourcecode.swift; path = DetailsViewController.swift; sourceTree = "<group>"; };
		85EACBE72954BB1B009BEE15 /* UIImageView+.swift */ = {isa = PBXFileReference; lastKnownFileType = sourcecode.swift; path = "UIImageView+.swift"; sourceTree = "<group>"; };
		85EACBEB2954BB4F009BEE15 /* ViewCodableProtocol.swift */ = {isa = PBXFileReference; lastKnownFileType = sourcecode.swift; path = ViewCodableProtocol.swift; sourceTree = "<group>"; };
		AF51DB50FA0E29F0F5C25F41 /* Pods-RickAndMorty-RickAndMortyUITests.debug.xcconfig */ = {isa = PBXFileReference; includeInIndex = 1; lastKnownFileType = text.xcconfig; name = "Pods-RickAndMorty-RickAndMortyUITests.debug.xcconfig"; path = "Target Support Files/Pods-RickAndMorty-RickAndMortyUITests/Pods-RickAndMorty-RickAndMortyUITests.debug.xcconfig"; sourceTree = "<group>"; };
		BD0642DE9F8357FCF836673E /* Pods-RickAndMortyTests.debug.xcconfig */ = {isa = PBXFileReference; includeInIndex = 1; lastKnownFileType = text.xcconfig; name = "Pods-RickAndMortyTests.debug.xcconfig"; path = "Target Support Files/Pods-RickAndMortyTests/Pods-RickAndMortyTests.debug.xcconfig"; sourceTree = "<group>"; };
		BE399D52AEF045758746C538 /* Pods_RickAndMortyTests.framework */ = {isa = PBXFileReference; explicitFileType = wrapper.framework; includeInIndex = 0; path = Pods_RickAndMortyTests.framework; sourceTree = BUILT_PRODUCTS_DIR; };
		D33F10EB0AEB94FE4C7B19A2 /* Pods-RickAndMorty-RickAndMortyUITests.release.xcconfig */ = {isa = PBXFileReference; includeInIndex = 1; lastKnownFileType = text.xcconfig; name = "Pods-RickAndMorty-RickAndMortyUITests.release.xcconfig"; path = "Target Support Files/Pods-RickAndMorty-RickAndMortyUITests/Pods-RickAndMorty-RickAndMortyUITests.release.xcconfig"; sourceTree = "<group>"; };
/* End PBXFileReference section */

/* Begin PBXFrameworksBuildPhase section */
		85EACB8C29537FC1009BEE15 /* Frameworks */ = {
			isa = PBXFrameworksBuildPhase;
			buildActionMask = 2147483647;
			files = (
				88EB7E9785B6EB93221574F5 /* Pods_RickAndMorty.framework in Frameworks */,
			);
			runOnlyForDeploymentPostprocessing = 0;
		};
		85EACBA229537FC3009BEE15 /* Frameworks */ = {
			isa = PBXFrameworksBuildPhase;
			buildActionMask = 2147483647;
			files = (
				303367C13BD404114E5ED925 /* Pods_RickAndMortyTests.framework in Frameworks */,
			);
			runOnlyForDeploymentPostprocessing = 0;
		};
		85EACBAC29537FC3009BEE15 /* Frameworks */ = {
			isa = PBXFrameworksBuildPhase;
			buildActionMask = 2147483647;
			files = (
				5B3A8617E8DAC7C03E4A90F2 /* Pods_RickAndMorty_RickAndMortyUITests.framework in Frameworks */,
			);
			runOnlyForDeploymentPostprocessing = 0;
		};
/* End PBXFrameworksBuildPhase section */

/* Begin PBXGroup section */
		653B2F4F2983472600297AAB /* Login */ = {
			isa = PBXGroup;
			children = (
				85584A8F299C4C1200858C7E /* Reusables */,
				656B2F8E2992EE0E004D0586 /* Models */,
				85AC0EC22A0FDA5C00A00992 /* Scenes */,
			);
			path = Login;
			sourceTree = "<group>";
		};
		655D0274298690D900AEEEF0 /* UIComponents */ = {
			isa = PBXGroup;
			children = (
				656B2F842986923B004D0586 /* UIButtonDefault.swift */,
				656B2F8629869D3B004D0586 /* UILabelDefault.swift */,
				656B2F8829869E5B004D0586 /* UITextFieldDefault.swift */,
				85584A8D299840D200858C7E /* UIAlertDefault.swift */,
			);
			path = UIComponents;
			sourceTree = "<group>";
		};
		656B2F8E2992EE0E004D0586 /* Models */ = {
			isa = PBXGroup;
			children = (
				8500F22529982FE60051EE51 /* Login */,
			);
			path = Models;
			sourceTree = "<group>";
		};
		656B2F9329966F32004D0586 /* Register */ = {
			isa = PBXGroup;
			children = (
				656B2F9629966F73004D0586 /* RegisterViewController.swift */,
				656B2F9429966F4C004D0586 /* RegisterView.swift */,
				8500F223299827070051EE51 /* RegisterInteractor.swift */,
				8500F221299826F80051EE51 /* RegisterRouter.swift */,
			);
			path = Register;
			sourceTree = "<group>";
		};
		8500F22529982FE60051EE51 /* Login */ = {
			isa = PBXGroup;
			children = (
				656B2F8C298EC2D4004D0586 /* UserLogin.swift */,
			);
			path = Login;
			sourceTree = "<group>";
		};
		85584A8F299C4C1200858C7E /* Reusables */ = {
			isa = PBXGroup;
			children = (
				85AC0EC12A0FDA3800A00992 /* Strings */,
			);
			path = Reusables;
			sourceTree = "<group>";
		};
		85AC0EC12A0FDA3800A00992 /* Strings */ = {
			isa = PBXGroup;
			children = (
				85584A90299C4C5200858C7E /* RegisterStrings.swift */,
				85584A92299C4EBC00858C7E /* LoginStrings.swift */,
			);
			path = Strings;
			sourceTree = "<group>";
		};
		85AC0EC22A0FDA5C00A00992 /* Scenes */ = {
			isa = PBXGroup;
			children = (
				85AC0EC32A0FDA7300A00992 /* Login */,
				656B2F9329966F32004D0586 /* Register */,
			);
			path = Scenes;
			sourceTree = "<group>";
		};
		85AC0EC32A0FDA7300A00992 /* Login */ = {
			isa = PBXGroup;
			children = (
				653B2F502983473500297AAB /* LoginViewController.swift */,
				653B2F522983475400297AAB /* LoginView.swift */,
				656B2F8A298EC253004D0586 /* LoginInteractor.swift */,
				655D026C29845E7300AEEEF0 /* LoginRouter.swift */,
			);
			path = Login;
			sourceTree = "<group>";
		};
		85AC0EC42A0FDB3600A00992 /* Scenes */ = {
			isa = PBXGroup;
			children = (
				85AC0EC52A0FDB4200A00992 /* Home */,
				85EACBE02954BA97009BEE15 /* Details */,
			);
			path = Scenes;
			sourceTree = "<group>";
		};
		85AC0EC52A0FDB4200A00992 /* Home */ = {
			isa = PBXGroup;
			children = (
				85EACB9629537FC1009BEE15 /* HomeViewController.swift */,
				85EACBC829538390009BEE15 /* HomeView.swift */,
				852289BA295B38DB00822216 /* HomeRouter.swift */,
				85AC0EC62A0FDBBF00A00992 /* HomeRepository.swift */,
			);
			path = Home;
			sourceTree = "<group>";
		};
		85AC0EC82A0FDC5800A00992 /* Models */ = {
			isa = PBXGroup;
			children = (
				85EACBD429538630009BEE15 /* MainData.swift */,
				85EACBD62953865E009BEE15 /* Character.swift */,
				85EACBD829538676009BEE15 /* Location.swift */,
				85EACBDA2953868B009BEE15 /* Info.swift */,
			);
			path = Models;
			sourceTree = "<group>";
		};
		85EACB8629537FC1009BEE15 = {
			isa = PBXGroup;
			children = (
				85EACB9129537FC1009BEE15 /* RickAndMorty */,
				85EACBA829537FC3009BEE15 /* RickAndMortyTests */,
				85EACBB229537FC3009BEE15 /* RickAndMortyUITests */,
				85EACB9029537FC1009BEE15 /* Products */,
				A00E4CA3ABF7BE5D65FD5B9E /* Pods */,
				912791239EFDA23C9EBE66E8 /* Frameworks */,
			);
			sourceTree = "<group>";
		};
		85EACB9029537FC1009BEE15 /* Products */ = {
			isa = PBXGroup;
			children = (
				85EACB8F29537FC1009BEE15 /* RickAndMorty.app */,
				85EACBA529537FC3009BEE15 /* RickAndMortyTests.xctest */,
				85EACBAF29537FC3009BEE15 /* RickAndMortyUITests.xctest */,
			);
			name = Products;
			sourceTree = "<group>";
		};
		85EACB9129537FC1009BEE15 /* RickAndMorty */ = {
			isa = PBXGroup;
			children = (
				85EACBA029537FC3009BEE15 /* Info.plist */,
				8500F21F29981BED0051EE51 /* GoogleService-Info.plist */,
				85EACBC32953814E009BEE15 /* AppDelegate */,
				85EACBE62954BB09009BEE15 /* Extensions */,
				655D0274298690D900AEEEF0 /* UIComponents */,
				85EACBC42953815B009BEE15 /* Resources */,
				85EACBE92954BB32009BEE15 /* Protocols */,
				85EACBC729538369009BEE15 /* Home */,
				653B2F4F2983472600297AAB /* Login */,
			);
			path = RickAndMorty;
			sourceTree = "<group>";
		};
		85EACBA829537FC3009BEE15 /* RickAndMortyTests */ = {
			isa = PBXGroup;
			children = (
				85EACBA929537FC3009BEE15 /* RickAndMortyTests.swift */,
			);
			path = RickAndMortyTests;
			sourceTree = "<group>";
		};
		85EACBB229537FC3009BEE15 /* RickAndMortyUITests */ = {
			isa = PBXGroup;
			children = (
				85EACBB329537FC3009BEE15 /* RickAndMortyUITests.swift */,
				85EACBB529537FC3009BEE15 /* RickAndMortyUITestsLaunchTests.swift */,
			);
			path = RickAndMortyUITests;
			sourceTree = "<group>";
		};
		85EACBC32953814E009BEE15 /* AppDelegate */ = {
			isa = PBXGroup;
			children = (
				85EACB9229537FC1009BEE15 /* AppDelegate.swift */,
				85EACB9429537FC1009BEE15 /* SceneDelegate.swift */,
				655D026A29840A3400AEEEF0 /* AppRouter.swift */,
			);
			path = AppDelegate;
			sourceTree = "<group>";
		};
		85EACBC42953815B009BEE15 /* Resources */ = {
			isa = PBXGroup;
			children = (
				85EACB9B29537FC3009BEE15 /* Assets.xcassets */,
				85EACB9D29537FC3009BEE15 /* LaunchScreen.storyboard */,
			);
			path = Resources;
			sourceTree = "<group>";
		};
		85EACBC729538369009BEE15 /* Home */ = {
			isa = PBXGroup;
			children = (
				85AC0EC82A0FDC5800A00992 /* Models */,
				85AC0EC42A0FDB3600A00992 /* Scenes */,
			);
			path = Home;
			sourceTree = "<group>";
		};
		85EACBCA295383AB009BEE15 /* Cells */ = {
			isa = PBXGroup;
			children = (
				85EACBCB295383CE009BEE15 /* HomeTalbleViewCell.swift */,
			);
			path = Cells;
			sourceTree = "<group>";
		};
		85EACBE02954BA97009BEE15 /* Details */ = {
			isa = PBXGroup;
			children = (
				85EACBE42954BACB009BEE15 /* DetailsViewController.swift */,
				85EACBE22954BAC0009BEE15 /* DetailsView.swift */,
				85EACBCA295383AB009BEE15 /* Cells */,
			);
			path = Details;
			sourceTree = "<group>";
		};
		85EACBE62954BB09009BEE15 /* Extensions */ = {
			isa = PBXGroup;
			children = (
				85EACBE72954BB1B009BEE15 /* UIImageView+.swift */,
				655D027029856F4B00AEEEF0 /* UIView+.swift */,
				656B2F9129966B2D004D0586 /* UITextField+.swift */,
			);
			path = Extensions;
			sourceTree = "<group>";
		};
		85EACBE92954BB32009BEE15 /* Protocols */ = {
			isa = PBXGroup;
			children = (
				85EACBEB2954BB4F009BEE15 /* ViewCodableProtocol.swift */,
			);
			path = Protocols;
			sourceTree = "<group>";
		};
		912791239EFDA23C9EBE66E8 /* Frameworks */ = {
			isa = PBXGroup;
			children = (
				43F4E358D0F1F1417B9AB776 /* Pods_RickAndMorty.framework */,
				33AD420768710BE4B1C28A17 /* Pods_RickAndMorty_RickAndMortyUITests.framework */,
				BE399D52AEF045758746C538 /* Pods_RickAndMortyTests.framework */,
			);
			name = Frameworks;
			sourceTree = "<group>";
		};
		A00E4CA3ABF7BE5D65FD5B9E /* Pods */ = {
			isa = PBXGroup;
			children = (
				1A0485483E07BB6B9A10911E /* Pods-RickAndMorty.debug.xcconfig */,
				3BFE5666808A606FCB0CCF91 /* Pods-RickAndMorty.release.xcconfig */,
				AF51DB50FA0E29F0F5C25F41 /* Pods-RickAndMorty-RickAndMortyUITests.debug.xcconfig */,
				D33F10EB0AEB94FE4C7B19A2 /* Pods-RickAndMorty-RickAndMortyUITests.release.xcconfig */,
				BD0642DE9F8357FCF836673E /* Pods-RickAndMortyTests.debug.xcconfig */,
				7839457B4F783EF7FF0549D4 /* Pods-RickAndMortyTests.release.xcconfig */,
			);
			path = Pods;
			sourceTree = "<group>";
		};
/* End PBXGroup section */

/* Begin PBXNativeTarget section */
		85EACB8E29537FC1009BEE15 /* RickAndMorty */ = {
			isa = PBXNativeTarget;
			buildConfigurationList = 85EACBB929537FC3009BEE15 /* Build configuration list for PBXNativeTarget "RickAndMorty" */;
			buildPhases = (
				F8406DA05C21D79E296B2103 /* [CP] Check Pods Manifest.lock */,
				85EACB8B29537FC1009BEE15 /* Sources */,
				85EACB8C29537FC1009BEE15 /* Frameworks */,
				85EACB8D29537FC1009BEE15 /* Resources */,
				E30D5DF6CC4BBC3FDEB3CD6D /* [CP] Embed Pods Frameworks */,
			);
			buildRules = (
			);
			dependencies = (
			);
			name = RickAndMorty;
			productName = RickAndMorty;
			productReference = 85EACB8F29537FC1009BEE15 /* RickAndMorty.app */;
			productType = "com.apple.product-type.application";
		};
		85EACBA429537FC3009BEE15 /* RickAndMortyTests */ = {
			isa = PBXNativeTarget;
			buildConfigurationList = 85EACBBC29537FC3009BEE15 /* Build configuration list for PBXNativeTarget "RickAndMortyTests" */;
			buildPhases = (
				220D58B0D55D2D6DAF55EA93 /* [CP] Check Pods Manifest.lock */,
				85EACBA129537FC3009BEE15 /* Sources */,
				85EACBA229537FC3009BEE15 /* Frameworks */,
				85EACBA329537FC3009BEE15 /* Resources */,
			);
			buildRules = (
			);
			dependencies = (
				85EACBA729537FC3009BEE15 /* PBXTargetDependency */,
			);
			name = RickAndMortyTests;
			productName = RickAndMortyTests;
			productReference = 85EACBA529537FC3009BEE15 /* RickAndMortyTests.xctest */;
			productType = "com.apple.product-type.bundle.unit-test";
		};
		85EACBAE29537FC3009BEE15 /* RickAndMortyUITests */ = {
			isa = PBXNativeTarget;
			buildConfigurationList = 85EACBBF29537FC3009BEE15 /* Build configuration list for PBXNativeTarget "RickAndMortyUITests" */;
			buildPhases = (
				6920FE805E5237DF95C44727 /* [CP] Check Pods Manifest.lock */,
				85EACBAB29537FC3009BEE15 /* Sources */,
				85EACBAC29537FC3009BEE15 /* Frameworks */,
				85EACBAD29537FC3009BEE15 /* Resources */,
				DE565F6CEF37F1BA24AC0793 /* [CP] Embed Pods Frameworks */,
			);
			buildRules = (
			);
			dependencies = (
				85EACBB129537FC3009BEE15 /* PBXTargetDependency */,
			);
			name = RickAndMortyUITests;
			productName = RickAndMortyUITests;
			productReference = 85EACBAF29537FC3009BEE15 /* RickAndMortyUITests.xctest */;
			productType = "com.apple.product-type.bundle.ui-testing";
		};
/* End PBXNativeTarget section */

/* Begin PBXProject section */
		85EACB8729537FC1009BEE15 /* Project object */ = {
			isa = PBXProject;
			attributes = {
				BuildIndependentTargetsInParallel = 1;
				LastSwiftUpdateCheck = 1320;
				LastUpgradeCheck = 1320;
				TargetAttributes = {
					85EACB8E29537FC1009BEE15 = {
						CreatedOnToolsVersion = 13.2.1;
					};
					85EACBA429537FC3009BEE15 = {
						CreatedOnToolsVersion = 13.2.1;
						TestTargetID = 85EACB8E29537FC1009BEE15;
					};
					85EACBAE29537FC3009BEE15 = {
						CreatedOnToolsVersion = 13.2.1;
						TestTargetID = 85EACB8E29537FC1009BEE15;
					};
				};
			};
			buildConfigurationList = 85EACB8A29537FC1009BEE15 /* Build configuration list for PBXProject "RickAndMorty" */;
			compatibilityVersion = "Xcode 13.0";
			developmentRegion = en;
			hasScannedForEncodings = 0;
			knownRegions = (
				en,
				Base,
			);
			mainGroup = 85EACB8629537FC1009BEE15;
			productRefGroup = 85EACB9029537FC1009BEE15 /* Products */;
			projectDirPath = "";
			projectRoot = "";
			targets = (
				85EACB8E29537FC1009BEE15 /* RickAndMorty */,
				85EACBA429537FC3009BEE15 /* RickAndMortyTests */,
				85EACBAE29537FC3009BEE15 /* RickAndMortyUITests */,
			);
		};
/* End PBXProject section */

/* Begin PBXResourcesBuildPhase section */
		85EACB8D29537FC1009BEE15 /* Resources */ = {
			isa = PBXResourcesBuildPhase;
			buildActionMask = 2147483647;
			files = (
				85EACB9F29537FC3009BEE15 /* LaunchScreen.storyboard in Resources */,
				85EACB9C29537FC3009BEE15 /* Assets.xcassets in Resources */,
				8500F22029981BED0051EE51 /* GoogleService-Info.plist in Resources */,
			);
			runOnlyForDeploymentPostprocessing = 0;
		};
		85EACBA329537FC3009BEE15 /* Resources */ = {
			isa = PBXResourcesBuildPhase;
			buildActionMask = 2147483647;
			files = (
			);
			runOnlyForDeploymentPostprocessing = 0;
		};
		85EACBAD29537FC3009BEE15 /* Resources */ = {
			isa = PBXResourcesBuildPhase;
			buildActionMask = 2147483647;
			files = (
			);
			runOnlyForDeploymentPostprocessing = 0;
		};
/* End PBXResourcesBuildPhase section */

/* Begin PBXShellScriptBuildPhase section */
		220D58B0D55D2D6DAF55EA93 /* [CP] Check Pods Manifest.lock */ = {
			isa = PBXShellScriptBuildPhase;
			buildActionMask = 2147483647;
			files = (
			);
			inputFileListPaths = (
			);
			inputPaths = (
				"${PODS_PODFILE_DIR_PATH}/Podfile.lock",
				"${PODS_ROOT}/Manifest.lock",
			);
			name = "[CP] Check Pods Manifest.lock";
			outputFileListPaths = (
			);
			outputPaths = (
				"$(DERIVED_FILE_DIR)/Pods-RickAndMortyTests-checkManifestLockResult.txt",
			);
			runOnlyForDeploymentPostprocessing = 0;
			shellPath = /bin/sh;
			shellScript = "diff \"${PODS_PODFILE_DIR_PATH}/Podfile.lock\" \"${PODS_ROOT}/Manifest.lock\" > /dev/null\nif [ $? != 0 ] ; then\n    # print error to STDERR\n    echo \"error: The sandbox is not in sync with the Podfile.lock. Run 'pod install' or update your CocoaPods installation.\" >&2\n    exit 1\nfi\n# This output is used by Xcode 'outputs' to avoid re-running this script phase.\necho \"SUCCESS\" > \"${SCRIPT_OUTPUT_FILE_0}\"\n";
			showEnvVarsInLog = 0;
		};
		6920FE805E5237DF95C44727 /* [CP] Check Pods Manifest.lock */ = {
			isa = PBXShellScriptBuildPhase;
			buildActionMask = 2147483647;
			files = (
			);
			inputFileListPaths = (
			);
			inputPaths = (
				"${PODS_PODFILE_DIR_PATH}/Podfile.lock",
				"${PODS_ROOT}/Manifest.lock",
			);
			name = "[CP] Check Pods Manifest.lock";
			outputFileListPaths = (
			);
			outputPaths = (
				"$(DERIVED_FILE_DIR)/Pods-RickAndMorty-RickAndMortyUITests-checkManifestLockResult.txt",
			);
			runOnlyForDeploymentPostprocessing = 0;
			shellPath = /bin/sh;
			shellScript = "diff \"${PODS_PODFILE_DIR_PATH}/Podfile.lock\" \"${PODS_ROOT}/Manifest.lock\" > /dev/null\nif [ $? != 0 ] ; then\n    # print error to STDERR\n    echo \"error: The sandbox is not in sync with the Podfile.lock. Run 'pod install' or update your CocoaPods installation.\" >&2\n    exit 1\nfi\n# This output is used by Xcode 'outputs' to avoid re-running this script phase.\necho \"SUCCESS\" > \"${SCRIPT_OUTPUT_FILE_0}\"\n";
			showEnvVarsInLog = 0;
		};
		DE565F6CEF37F1BA24AC0793 /* [CP] Embed Pods Frameworks */ = {
			isa = PBXShellScriptBuildPhase;
			buildActionMask = 2147483647;
			files = (
			);
			inputFileListPaths = (
				"${PODS_ROOT}/Target Support Files/Pods-RickAndMorty-RickAndMortyUITests/Pods-RickAndMorty-RickAndMortyUITests-frameworks-${CONFIGURATION}-input-files.xcfilelist",
			);
			name = "[CP] Embed Pods Frameworks";
			outputFileListPaths = (
				"${PODS_ROOT}/Target Support Files/Pods-RickAndMorty-RickAndMortyUITests/Pods-RickAndMorty-RickAndMortyUITests-frameworks-${CONFIGURATION}-output-files.xcfilelist",
			);
			runOnlyForDeploymentPostprocessing = 0;
			shellPath = /bin/sh;
			shellScript = "\"${PODS_ROOT}/Target Support Files/Pods-RickAndMorty-RickAndMortyUITests/Pods-RickAndMorty-RickAndMortyUITests-frameworks.sh\"\n";
			showEnvVarsInLog = 0;
		};
		E30D5DF6CC4BBC3FDEB3CD6D /* [CP] Embed Pods Frameworks */ = {
			isa = PBXShellScriptBuildPhase;
			buildActionMask = 2147483647;
			files = (
			);
			inputFileListPaths = (
				"${PODS_ROOT}/Target Support Files/Pods-RickAndMorty/Pods-RickAndMorty-frameworks-${CONFIGURATION}-input-files.xcfilelist",
			);
			name = "[CP] Embed Pods Frameworks";
			outputFileListPaths = (
				"${PODS_ROOT}/Target Support Files/Pods-RickAndMorty/Pods-RickAndMorty-frameworks-${CONFIGURATION}-output-files.xcfilelist",
			);
			runOnlyForDeploymentPostprocessing = 0;
			shellPath = /bin/sh;
			shellScript = "\"${PODS_ROOT}/Target Support Files/Pods-RickAndMorty/Pods-RickAndMorty-frameworks.sh\"\n";
			showEnvVarsInLog = 0;
		};
		F8406DA05C21D79E296B2103 /* [CP] Check Pods Manifest.lock */ = {
			isa = PBXShellScriptBuildPhase;
			buildActionMask = 2147483647;
			files = (
			);
			inputFileListPaths = (
			);
			inputPaths = (
				"${PODS_PODFILE_DIR_PATH}/Podfile.lock",
				"${PODS_ROOT}/Manifest.lock",
			);
			name = "[CP] Check Pods Manifest.lock";
			outputFileListPaths = (
			);
			outputPaths = (
				"$(DERIVED_FILE_DIR)/Pods-RickAndMorty-checkManifestLockResult.txt",
			);
			runOnlyForDeploymentPostprocessing = 0;
			shellPath = /bin/sh;
			shellScript = "diff \"${PODS_PODFILE_DIR_PATH}/Podfile.lock\" \"${PODS_ROOT}/Manifest.lock\" > /dev/null\nif [ $? != 0 ] ; then\n    # print error to STDERR\n    echo \"error: The sandbox is not in sync with the Podfile.lock. Run 'pod install' or update your CocoaPods installation.\" >&2\n    exit 1\nfi\n# This output is used by Xcode 'outputs' to avoid re-running this script phase.\necho \"SUCCESS\" > \"${SCRIPT_OUTPUT_FILE_0}\"\n";
			showEnvVarsInLog = 0;
		};
/* End PBXShellScriptBuildPhase section */

/* Begin PBXSourcesBuildPhase section */
		85EACB8B29537FC1009BEE15 /* Sources */ = {
			isa = PBXSourcesBuildPhase;
			buildActionMask = 2147483647;
			files = (
				85EACBD72953865E009BEE15 /* Character.swift in Sources */,
				656B2F9229966B2D004D0586 /* UITextField+.swift in Sources */,
				85EACBD529538630009BEE15 /* MainData.swift in Sources */,
				8500F222299826F80051EE51 /* RegisterRouter.swift in Sources */,
				655D026B29840A3400AEEEF0 /* AppRouter.swift in Sources */,
				656B2F8B298EC253004D0586 /* LoginInteractor.swift in Sources */,
				85EACBE82954BB1B009BEE15 /* UIImageView+.swift in Sources */,
				85EACBD929538676009BEE15 /* Location.swift in Sources */,
				85AC0EC72A0FDBBF00A00992 /* HomeRepository.swift in Sources */,
				85EACB9729537FC1009BEE15 /* HomeViewController.swift in Sources */,
				85EACBEC2954BB4F009BEE15 /* ViewCodableProtocol.swift in Sources */,
				656B2F9529966F4C004D0586 /* RegisterView.swift in Sources */,
				656B2F8929869E5B004D0586 /* UITextFieldDefault.swift in Sources */,
				85584A8E299840D200858C7E /* UIAlertDefault.swift in Sources */,
				85EACBCC295383CE009BEE15 /* HomeTalbleViewCell.swift in Sources */,
				852289BB295B38DB00822216 /* HomeRouter.swift in Sources */,
				655D027129856F4B00AEEEF0 /* UIView+.swift in Sources */,
				85584A91299C4C5200858C7E /* RegisterStrings.swift in Sources */,
				85EACBE32954BAC0009BEE15 /* DetailsView.swift in Sources */,
				85EACBC929538390009BEE15 /* HomeView.swift in Sources */,
				85EACB9329537FC1009BEE15 /* AppDelegate.swift in Sources */,
				653B2F532983475400297AAB /* LoginView.swift in Sources */,
				85EACB9529537FC1009BEE15 /* SceneDelegate.swift in Sources */,
				8500F224299827070051EE51 /* RegisterInteractor.swift in Sources */,
				653B2F512983473500297AAB /* LoginViewController.swift in Sources */,
				656B2F8D298EC2D4004D0586 /* UserLogin.swift in Sources */,
				85EACBE52954BACB009BEE15 /* DetailsViewController.swift in Sources */,
				656B2F9729966F73004D0586 /* RegisterViewController.swift in Sources */,
				656B2F8729869D3B004D0586 /* UILabelDefault.swift in Sources */,
				656B2F852986923B004D0586 /* UIButtonDefault.swift in Sources */,
				655D026D29845E7300AEEEF0 /* LoginRouter.swift in Sources */,
				85584A93299C4EBD00858C7E /* LoginStrings.swift in Sources */,
				85EACBDB2953868B009BEE15 /* Info.swift in Sources */,
			);
			runOnlyForDeploymentPostprocessing = 0;
		};
		85EACBA129537FC3009BEE15 /* Sources */ = {
			isa = PBXSourcesBuildPhase;
			buildActionMask = 2147483647;
			files = (
				85EACBAA29537FC3009BEE15 /* RickAndMortyTests.swift in Sources */,
			);
			runOnlyForDeploymentPostprocessing = 0;
		};
		85EACBAB29537FC3009BEE15 /* Sources */ = {
			isa = PBXSourcesBuildPhase;
			buildActionMask = 2147483647;
			files = (
				85EACBB429537FC3009BEE15 /* RickAndMortyUITests.swift in Sources */,
				85EACBB629537FC3009BEE15 /* RickAndMortyUITestsLaunchTests.swift in Sources */,
			);
			runOnlyForDeploymentPostprocessing = 0;
		};
/* End PBXSourcesBuildPhase section */

/* Begin PBXTargetDependency section */
		85EACBA729537FC3009BEE15 /* PBXTargetDependency */ = {
			isa = PBXTargetDependency;
			target = 85EACB8E29537FC1009BEE15 /* RickAndMorty */;
			targetProxy = 85EACBA629537FC3009BEE15 /* PBXContainerItemProxy */;
		};
		85EACBB129537FC3009BEE15 /* PBXTargetDependency */ = {
			isa = PBXTargetDependency;
			target = 85EACB8E29537FC1009BEE15 /* RickAndMorty */;
			targetProxy = 85EACBB029537FC3009BEE15 /* PBXContainerItemProxy */;
		};
/* End PBXTargetDependency section */

/* Begin PBXVariantGroup section */
		85EACB9D29537FC3009BEE15 /* LaunchScreen.storyboard */ = {
			isa = PBXVariantGroup;
			children = (
				85EACB9E29537FC3009BEE15 /* Base */,
			);
			name = LaunchScreen.storyboard;
			sourceTree = "<group>";
		};
/* End PBXVariantGroup section */

/* Begin XCBuildConfiguration section */
		85EACBB729537FC3009BEE15 /* Debug */ = {
			isa = XCBuildConfiguration;
			buildSettings = {
				ALWAYS_SEARCH_USER_PATHS = NO;
				CLANG_ANALYZER_NONNULL = YES;
				CLANG_ANALYZER_NUMBER_OBJECT_CONVERSION = YES_AGGRESSIVE;
				CLANG_CXX_LANGUAGE_STANDARD = "gnu++17";
				CLANG_CXX_LIBRARY = "libc++";
				CLANG_ENABLE_MODULES = YES;
				CLANG_ENABLE_OBJC_ARC = YES;
				CLANG_ENABLE_OBJC_WEAK = YES;
				CLANG_WARN_BLOCK_CAPTURE_AUTORELEASING = YES;
				CLANG_WARN_BOOL_CONVERSION = YES;
				CLANG_WARN_COMMA = YES;
				CLANG_WARN_CONSTANT_CONVERSION = YES;
				CLANG_WARN_DEPRECATED_OBJC_IMPLEMENTATIONS = YES;
				CLANG_WARN_DIRECT_OBJC_ISA_USAGE = YES_ERROR;
				CLANG_WARN_DOCUMENTATION_COMMENTS = YES;
				CLANG_WARN_EMPTY_BODY = YES;
				CLANG_WARN_ENUM_CONVERSION = YES;
				CLANG_WARN_INFINITE_RECURSION = YES;
				CLANG_WARN_INT_CONVERSION = YES;
				CLANG_WARN_NON_LITERAL_NULL_CONVERSION = YES;
				CLANG_WARN_OBJC_IMPLICIT_RETAIN_SELF = YES;
				CLANG_WARN_OBJC_LITERAL_CONVERSION = YES;
				CLANG_WARN_OBJC_ROOT_CLASS = YES_ERROR;
				CLANG_WARN_QUOTED_INCLUDE_IN_FRAMEWORK_HEADER = YES;
				CLANG_WARN_RANGE_LOOP_ANALYSIS = YES;
				CLANG_WARN_STRICT_PROTOTYPES = YES;
				CLANG_WARN_SUSPICIOUS_MOVE = YES;
				CLANG_WARN_UNGUARDED_AVAILABILITY = YES_AGGRESSIVE;
				CLANG_WARN_UNREACHABLE_CODE = YES;
				CLANG_WARN__DUPLICATE_METHOD_MATCH = YES;
				COPY_PHASE_STRIP = NO;
				DEBUG_INFORMATION_FORMAT = dwarf;
				ENABLE_STRICT_OBJC_MSGSEND = YES;
				ENABLE_TESTABILITY = YES;
				GCC_C_LANGUAGE_STANDARD = gnu11;
				GCC_DYNAMIC_NO_PIC = NO;
				GCC_NO_COMMON_BLOCKS = YES;
				GCC_OPTIMIZATION_LEVEL = 0;
				GCC_PREPROCESSOR_DEFINITIONS = (
					"DEBUG=1",
					"$(inherited)",
				);
				GCC_WARN_64_TO_32_BIT_CONVERSION = YES;
				GCC_WARN_ABOUT_RETURN_TYPE = YES_ERROR;
				GCC_WARN_UNDECLARED_SELECTOR = YES;
				GCC_WARN_UNINITIALIZED_AUTOS = YES_AGGRESSIVE;
				GCC_WARN_UNUSED_FUNCTION = YES;
				GCC_WARN_UNUSED_VARIABLE = YES;
				IPHONEOS_DEPLOYMENT_TARGET = 15.2;
				MTL_ENABLE_DEBUG_INFO = INCLUDE_SOURCE;
				MTL_FAST_MATH = YES;
				ONLY_ACTIVE_ARCH = YES;
				SDKROOT = iphoneos;
				SWIFT_ACTIVE_COMPILATION_CONDITIONS = DEBUG;
				SWIFT_OPTIMIZATION_LEVEL = "-Onone";
			};
			name = Debug;
		};
		85EACBB829537FC3009BEE15 /* Release */ = {
			isa = XCBuildConfiguration;
			buildSettings = {
				ALWAYS_SEARCH_USER_PATHS = NO;
				CLANG_ANALYZER_NONNULL = YES;
				CLANG_ANALYZER_NUMBER_OBJECT_CONVERSION = YES_AGGRESSIVE;
				CLANG_CXX_LANGUAGE_STANDARD = "gnu++17";
				CLANG_CXX_LIBRARY = "libc++";
				CLANG_ENABLE_MODULES = YES;
				CLANG_ENABLE_OBJC_ARC = YES;
				CLANG_ENABLE_OBJC_WEAK = YES;
				CLANG_WARN_BLOCK_CAPTURE_AUTORELEASING = YES;
				CLANG_WARN_BOOL_CONVERSION = YES;
				CLANG_WARN_COMMA = YES;
				CLANG_WARN_CONSTANT_CONVERSION = YES;
				CLANG_WARN_DEPRECATED_OBJC_IMPLEMENTATIONS = YES;
				CLANG_WARN_DIRECT_OBJC_ISA_USAGE = YES_ERROR;
				CLANG_WARN_DOCUMENTATION_COMMENTS = YES;
				CLANG_WARN_EMPTY_BODY = YES;
				CLANG_WARN_ENUM_CONVERSION = YES;
				CLANG_WARN_INFINITE_RECURSION = YES;
				CLANG_WARN_INT_CONVERSION = YES;
				CLANG_WARN_NON_LITERAL_NULL_CONVERSION = YES;
				CLANG_WARN_OBJC_IMPLICIT_RETAIN_SELF = YES;
				CLANG_WARN_OBJC_LITERAL_CONVERSION = YES;
				CLANG_WARN_OBJC_ROOT_CLASS = YES_ERROR;
				CLANG_WARN_QUOTED_INCLUDE_IN_FRAMEWORK_HEADER = YES;
				CLANG_WARN_RANGE_LOOP_ANALYSIS = YES;
				CLANG_WARN_STRICT_PROTOTYPES = YES;
				CLANG_WARN_SUSPICIOUS_MOVE = YES;
				CLANG_WARN_UNGUARDED_AVAILABILITY = YES_AGGRESSIVE;
				CLANG_WARN_UNREACHABLE_CODE = YES;
				CLANG_WARN__DUPLICATE_METHOD_MATCH = YES;
				COPY_PHASE_STRIP = NO;
				DEBUG_INFORMATION_FORMAT = "dwarf-with-dsym";
				ENABLE_NS_ASSERTIONS = NO;
				ENABLE_STRICT_OBJC_MSGSEND = YES;
				GCC_C_LANGUAGE_STANDARD = gnu11;
				GCC_NO_COMMON_BLOCKS = YES;
				GCC_WARN_64_TO_32_BIT_CONVERSION = YES;
				GCC_WARN_ABOUT_RETURN_TYPE = YES_ERROR;
				GCC_WARN_UNDECLARED_SELECTOR = YES;
				GCC_WARN_UNINITIALIZED_AUTOS = YES_AGGRESSIVE;
				GCC_WARN_UNUSED_FUNCTION = YES;
				GCC_WARN_UNUSED_VARIABLE = YES;
				IPHONEOS_DEPLOYMENT_TARGET = 15.2;
				MTL_ENABLE_DEBUG_INFO = NO;
				MTL_FAST_MATH = YES;
				SDKROOT = iphoneos;
				SWIFT_COMPILATION_MODE = wholemodule;
				SWIFT_OPTIMIZATION_LEVEL = "-O";
				VALIDATE_PRODUCT = YES;
			};
			name = Release;
		};
		85EACBBA29537FC3009BEE15 /* Debug */ = {
			isa = XCBuildConfiguration;
			baseConfigurationReference = 1A0485483E07BB6B9A10911E /* Pods-RickAndMorty.debug.xcconfig */;
			buildSettings = {
				ASSETCATALOG_COMPILER_APPICON_NAME = AppIcon;
				ASSETCATALOG_COMPILER_GLOBAL_ACCENT_COLOR_NAME = AccentColor;
				CODE_SIGN_STYLE = Automatic;
				CURRENT_PROJECT_VERSION = 1;
				GENERATE_INFOPLIST_FILE = YES;
				INFOPLIST_FILE = RickAndMorty/Info.plist;
				INFOPLIST_KEY_UIApplicationSupportsIndirectInputEvents = YES;
				INFOPLIST_KEY_UILaunchStoryboardName = LaunchScreen;
				INFOPLIST_KEY_UISupportedInterfaceOrientations_iPad = "UIInterfaceOrientationPortrait UIInterfaceOrientationPortraitUpsideDown UIInterfaceOrientationLandscapeLeft UIInterfaceOrientationLandscapeRight";
				INFOPLIST_KEY_UISupportedInterfaceOrientations_iPhone = "UIInterfaceOrientationPortrait UIInterfaceOrientationLandscapeLeft UIInterfaceOrientationLandscapeRight";
				LD_RUNPATH_SEARCH_PATHS = (
					"$(inherited)",
					"@executable_path/Frameworks",
				);
				MARKETING_VERSION = 1.0;
				PRODUCT_BUNDLE_IDENTIFIER = br.com.gabrieldcc.RickAndMorty;
				PRODUCT_NAME = "$(TARGET_NAME)";
				SWIFT_EMIT_LOC_STRINGS = YES;
				SWIFT_VERSION = 5.0;
				TARGETED_DEVICE_FAMILY = "1,2";
			};
			name = Debug;
		};
		85EACBBB29537FC3009BEE15 /* Release */ = {
			isa = XCBuildConfiguration;
			baseConfigurationReference = 3BFE5666808A606FCB0CCF91 /* Pods-RickAndMorty.release.xcconfig */;
			buildSettings = {
				ASSETCATALOG_COMPILER_APPICON_NAME = AppIcon;
				ASSETCATALOG_COMPILER_GLOBAL_ACCENT_COLOR_NAME = AccentColor;
				CODE_SIGN_STYLE = Automatic;
				CURRENT_PROJECT_VERSION = 1;
				GENERATE_INFOPLIST_FILE = YES;
				INFOPLIST_FILE = RickAndMorty/Info.plist;
				INFOPLIST_KEY_UIApplicationSupportsIndirectInputEvents = YES;
				INFOPLIST_KEY_UILaunchStoryboardName = LaunchScreen;
				INFOPLIST_KEY_UISupportedInterfaceOrientations_iPad = "UIInterfaceOrientationPortrait UIInterfaceOrientationPortraitUpsideDown UIInterfaceOrientationLandscapeLeft UIInterfaceOrientationLandscapeRight";
				INFOPLIST_KEY_UISupportedInterfaceOrientations_iPhone = "UIInterfaceOrientationPortrait UIInterfaceOrientationLandscapeLeft UIInterfaceOrientationLandscapeRight";
				LD_RUNPATH_SEARCH_PATHS = (
					"$(inherited)",
					"@executable_path/Frameworks",
				);
				MARKETING_VERSION = 1.0;
				PRODUCT_BUNDLE_IDENTIFIER = br.com.gabrieldcc.RickAndMorty;
				PRODUCT_NAME = "$(TARGET_NAME)";
				SWIFT_EMIT_LOC_STRINGS = YES;
				SWIFT_VERSION = 5.0;
				TARGETED_DEVICE_FAMILY = "1,2";
			};
			name = Release;
		};
		85EACBBD29537FC3009BEE15 /* Debug */ = {
			isa = XCBuildConfiguration;
			baseConfigurationReference = BD0642DE9F8357FCF836673E /* Pods-RickAndMortyTests.debug.xcconfig */;
			buildSettings = {
				ALWAYS_EMBED_SWIFT_STANDARD_LIBRARIES = YES;
				BUNDLE_LOADER = "$(TEST_HOST)";
				CODE_SIGN_STYLE = Automatic;
				CURRENT_PROJECT_VERSION = 1;
				GENERATE_INFOPLIST_FILE = YES;
				IPHONEOS_DEPLOYMENT_TARGET = 15.2;
				MARKETING_VERSION = 1.0;
				PRODUCT_BUNDLE_IDENTIFIER = br.com.gabrieldcc.RickAndMortyTests;
				PRODUCT_NAME = "$(TARGET_NAME)";
				SWIFT_EMIT_LOC_STRINGS = NO;
				SWIFT_VERSION = 5.0;
				TARGETED_DEVICE_FAMILY = "1,2";
				TEST_HOST = "$(BUILT_PRODUCTS_DIR)/RickAndMorty.app/RickAndMorty";
			};
			name = Debug;
		};
		85EACBBE29537FC3009BEE15 /* Release */ = {
			isa = XCBuildConfiguration;
			baseConfigurationReference = 7839457B4F783EF7FF0549D4 /* Pods-RickAndMortyTests.release.xcconfig */;
			buildSettings = {
				ALWAYS_EMBED_SWIFT_STANDARD_LIBRARIES = YES;
				BUNDLE_LOADER = "$(TEST_HOST)";
				CODE_SIGN_STYLE = Automatic;
				CURRENT_PROJECT_VERSION = 1;
				GENERATE_INFOPLIST_FILE = YES;
				IPHONEOS_DEPLOYMENT_TARGET = 15.2;
				MARKETING_VERSION = 1.0;
				PRODUCT_BUNDLE_IDENTIFIER = br.com.gabrieldcc.RickAndMortyTests;
				PRODUCT_NAME = "$(TARGET_NAME)";
				SWIFT_EMIT_LOC_STRINGS = NO;
				SWIFT_VERSION = 5.0;
				TARGETED_DEVICE_FAMILY = "1,2";
				TEST_HOST = "$(BUILT_PRODUCTS_DIR)/RickAndMorty.app/RickAndMorty";
			};
			name = Release;
		};
		85EACBC029537FC3009BEE15 /* Debug */ = {
			isa = XCBuildConfiguration;
			baseConfigurationReference = AF51DB50FA0E29F0F5C25F41 /* Pods-RickAndMorty-RickAndMortyUITests.debug.xcconfig */;
			buildSettings = {
				ALWAYS_EMBED_SWIFT_STANDARD_LIBRARIES = YES;
				CODE_SIGN_STYLE = Automatic;
				CURRENT_PROJECT_VERSION = 1;
				GENERATE_INFOPLIST_FILE = YES;
				MARKETING_VERSION = 1.0;
				PRODUCT_BUNDLE_IDENTIFIER = br.com.gabrieldcc.RickAndMortyUITests;
				PRODUCT_NAME = "$(TARGET_NAME)";
				SWIFT_EMIT_LOC_STRINGS = NO;
				SWIFT_VERSION = 5.0;
				TARGETED_DEVICE_FAMILY = "1,2";
				TEST_TARGET_NAME = RickAndMorty;
			};
			name = Debug;
		};
		85EACBC129537FC3009BEE15 /* Release */ = {
			isa = XCBuildConfiguration;
			baseConfigurationReference = D33F10EB0AEB94FE4C7B19A2 /* Pods-RickAndMorty-RickAndMortyUITests.release.xcconfig */;
			buildSettings = {
				ALWAYS_EMBED_SWIFT_STANDARD_LIBRARIES = YES;
				CODE_SIGN_STYLE = Automatic;
				CURRENT_PROJECT_VERSION = 1;
				GENERATE_INFOPLIST_FILE = YES;
				MARKETING_VERSION = 1.0;
				PRODUCT_BUNDLE_IDENTIFIER = br.com.gabrieldcc.RickAndMortyUITests;
				PRODUCT_NAME = "$(TARGET_NAME)";
				SWIFT_EMIT_LOC_STRINGS = NO;
				SWIFT_VERSION = 5.0;
				TARGETED_DEVICE_FAMILY = "1,2";
				TEST_TARGET_NAME = RickAndMorty;
			};
			name = Release;
		};
/* End XCBuildConfiguration section */

/* Begin XCConfigurationList section */
		85EACB8A29537FC1009BEE15 /* Build configuration list for PBXProject "RickAndMorty" */ = {
			isa = XCConfigurationList;
			buildConfigurations = (
				85EACBB729537FC3009BEE15 /* Debug */,
				85EACBB829537FC3009BEE15 /* Release */,
			);
			defaultConfigurationIsVisible = 0;
			defaultConfigurationName = Release;
		};
		85EACBB929537FC3009BEE15 /* Build configuration list for PBXNativeTarget "RickAndMorty" */ = {
			isa = XCConfigurationList;
			buildConfigurations = (
				85EACBBA29537FC3009BEE15 /* Debug */,
				85EACBBB29537FC3009BEE15 /* Release */,
			);
			defaultConfigurationIsVisible = 0;
			defaultConfigurationName = Release;
		};
		85EACBBC29537FC3009BEE15 /* Build configuration list for PBXNativeTarget "RickAndMortyTests" */ = {
			isa = XCConfigurationList;
			buildConfigurations = (
				85EACBBD29537FC3009BEE15 /* Debug */,
				85EACBBE29537FC3009BEE15 /* Release */,
			);
			defaultConfigurationIsVisible = 0;
			defaultConfigurationName = Release;
		};
		85EACBBF29537FC3009BEE15 /* Build configuration list for PBXNativeTarget "RickAndMortyUITests" */ = {
			isa = XCConfigurationList;
			buildConfigurations = (
				85EACBC029537FC3009BEE15 /* Debug */,
				85EACBC129537FC3009BEE15 /* Release */,
			);
			defaultConfigurationIsVisible = 0;
			defaultConfigurationName = Release;
		};
/* End XCConfigurationList section */
	};
	rootObject = 85EACB8729537FC1009BEE15 /* Project object */;
}
